
Microsoft Visual Studio Solution File, Format Version 12.00
# Visual Studio Version 17
VisualStudioVersion = 17.5.002.0
MinimumVisualStudioVersion = 10.0.40219.1
Project("{9A19103F-16F7-4668-BE54-9A1E7A4F7556}") = "VendorTracker", "VendorTracker\VendorTracker.csproj", "{9BFE8E75-FD0C-46DA-920D-C3834123D9FF}"
EndProject
Project("{9A19103F-16F7-4668-BE54-9A1E7A4F7556}") = "VendorTracker.Tests", "VendorTracker.Tests\VendorTracker.Tests.csproj", "{091BFF47-8A93-4FDE-AFE5-0447F0847F33}"
EndProject
Global
	GlobalSection(SolutionConfigurationPlatforms) = preSolution
		Debug|Any CPU = Debug|Any CPU
		Release|Any CPU = Release|Any CPU
	EndGlobalSection
	GlobalSection(ProjectConfigurationPlatforms) = postSolution
		{9BFE8E75-FD0C-46DA-920D-C3834123D9FF}.Debug|Any CPU.ActiveCfg = Debug|Any CPU
		{9BFE8E75-FD0C-46DA-920D-C3834123D9FF}.Debug|Any CPU.Build.0 = Debug|Any CPU
		{9BFE8E75-FD0C-46DA-920D-C3834123D9FF}.Release|Any CPU.ActiveCfg = Release|Any CPU
		{9BFE8E75-FD0C-46DA-920D-C3834123D9FF}.Release|Any CPU.Build.0 = Release|Any CPU
		{091BFF47-8A93-4FDE-AFE5-0447F0847F33}.Debug|Any CPU.ActiveCfg = Debug|Any CPU
		{091BFF47-8A93-4FDE-AFE5-0447F0847F33}.Debug|Any CPU.Build.0 = Debug|Any CPU
		{091BFF47-8A93-4FDE-AFE5-0447F0847F33}.Release|Any CPU.ActiveCfg = Release|Any CPU
		{091BFF47-8A93-4FDE-AFE5-0447F0847F33}.Release|Any CPU.Build.0 = Release|Any CPU
	EndGlobalSection
	GlobalSection(SolutionProperties) = preSolution
		HideSolutionNode = FALSE
	EndGlobalSection
	GlobalSection(ExtensibilityGlobals) = postSolution
		SolutionGuid = {AF5A3B15-79EC-422D-914D-CDF0D414840C}
	EndGlobalSection
EndGlobal
